// !$*UTF8*$!
{
	archiveVersion = 1;
	classes = {
	};
	objectVersion = 46;
	objects = {

/* Begin PBXBuildFile section */
		BD20BB821B45ABFD00DB7FCD /* main.m in Sources */ = {isa = PBXBuildFile; fileRef = BD20BB811B45ABFD00DB7FCD /* main.m */; };
		BD20BB8A1B45ACB800DB7FCD /* People.m in Sources */ = {isa = PBXBuildFile; fileRef = BD20BB891B45ACB800DB7FCD /* People.m */; };
		BD20BB8D1B45ADB400DB7FCD /* Doctor.m in Sources */ = {isa = PBXBuildFile; fileRef = BD20BB8C1B45ADB400DB7FCD /* Doctor.m */; };
		BD20BB901B45ADC400DB7FCD /* Patient.m in Sources */ = {isa = PBXBuildFile; fileRef = BD20BB8F1B45ADC400DB7FCD /* Patient.m */; };
/* End PBXBuildFile section */

/* Begin PBXCopyFilesBuildPhase section */
		BD20BB7C1B45ABFD00DB7FCD /* CopyFiles */ = {
			isa = PBXCopyFilesBuildPhase;
			buildActionMask = 2147483647;
			dstPath = /usr/share/man/man1/;
			dstSubfolderSpec = 0;
			files = (
			);
			runOnlyForDeploymentPostprocessing = 1;
		};
/* End PBXCopyFilesBuildPhase section */

/* Begin PBXFileReference section */
		BD20BB7E1B45ABFD00DB7FCD /* PatientDoctor */ = {isa = PBXFileReference; explicitFileType = "compiled.mach-o.executable"; includeInIndex = 0; path = PatientDoctor; sourceTree = BUILT_PRODUCTS_DIR; };
		BD20BB811B45ABFD00DB7FCD /* main.m */ = {isa = PBXFileReference; lastKnownFileType = sourcecode.c.objc; path = main.m; sourceTree = "<group>"; };
		BD20BB881B45ACB800DB7FCD /* People.h */ = {isa = PBXFileReference; fileEncoding = 4; lastKnownFileType = sourcecode.c.h; path = People.h; sourceTree = "<group>"; };
		BD20BB891B45ACB800DB7FCD /* People.m */ = {isa = PBXFileReference; fileEncoding = 4; lastKnownFileType = sourcecode.c.objc; path = People.m; sourceTree = "<group>"; };
		BD20BB8B1B45ADB400DB7FCD /* Doctor.h */ = {isa = PBXFileReference; fileEncoding = 4; lastKnownFileType = sourcecode.c.h; path = Doctor.h; sourceTree = "<group>"; };
		BD20BB8C1B45ADB400DB7FCD /* Doctor.m */ = {isa = PBXFileReference; fileEncoding = 4; lastKnownFileType = sourcecode.c.objc; path = Doctor.m; sourceTree = "<group>"; };
		BD20BB8E1B45ADC400DB7FCD /* Patient.h */ = {isa = PBXFileReference; fileEncoding = 4; lastKnownFileType = sourcecode.c.h; path = Patient.h; sourceTree = "<group>"; };
		BD20BB8F1B45ADC400DB7FCD /* Patient.m */ = {isa = PBXFileReference; fileEncoding = 4; lastKnownFileType = sourcecode.c.objc; path = Patient.m; sourceTree = "<group>"; };
/* End PBXFileReference section */

/* Begin PBXFrameworksBuildPhase section */
		BD20BB7B1B45ABFD00DB7FCD /* Frameworks */ = {
			isa = PBXFrameworksBuildPhase;
			buildActionMask = 2147483647;
			files = (
			);
			runOnlyForDeploymentPostprocessing = 0;
		};
/* End PBXFrameworksBuildPhase section */

/* Begin PBXGroup section */
		BD20BB751B45ABFD00DB7FCD = {
			isa = PBXGroup;
			children = (
				BD20BB801B45ABFD00DB7FCD /* PatientDoctor */,
				BD20BB7F1B45ABFD00DB7FCD /* Products */,
			);
			sourceTree = "<group>";
		};
		BD20BB7F1B45ABFD00DB7FCD /* Products */ = {
			isa = PBXGroup;
			children = (
				BD20BB7E1B45ABFD00DB7FCD /* PatientDoctor */,
			);
			name = Products;
			sourceTree = "<group>";
		};
		BD20BB801B45ABFD00DB7FCD /* PatientDoctor */ = {
			isa = PBXGroup;
			children = (
				BD20BB811B45ABFD00DB7FCD /* main.m */,
				BD20BB8B1B45ADB400DB7FCD /* Doctor.h */,
				BD20BB8C1B45ADB400DB7FCD /* Doctor.m */,
				BD20BB881B45ACB800DB7FCD /* People.h */,
				BD20BB8E1B45ADC400DB7FCD /* Patient.h */,
				BD20BB8F1B45ADC400DB7FCD /* Patient.m */,
				BD20BB891B45ACB800DB7FCD /* People.m */,
			);
			path = PatientDoctor;
			sourceTree = "<group>";
		};
/* End PBXGroup section */

/* Begin PBXNativeTarget section */
		BD20BB7D1B45ABFD00DB7FCD /* PatientDoctor */ = {
			isa = PBXNativeTarget;
			buildConfigurationList = BD20BB851B45ABFD00DB7FCD /* Build configuration list for PBXNativeTarget "PatientDoctor" */;
			buildPhases = (
				BD20BB7A1B45ABFD00DB7FCD /* Sources */,
				BD20BB7B1B45ABFD00DB7FCD /* Frameworks */,
				BD20BB7C1B45ABFD00DB7FCD /* CopyFiles */,
			);
			buildRules = (
			);
			dependencies = (
			);
			name = PatientDoctor;
			productName = PatientDoctor;
			productReference = BD20BB7E1B45ABFD00DB7FCD /* PatientDoctor */;
			productType = "com.apple.product-type.tool";
		};
/* End PBXNativeTarget section */

/* Begin PBXProject section */
		BD20BB761B45ABFD00DB7FCD /* Project object */ = {
			isa = PBXProject;
			attributes = {
				LastUpgradeCheck = 0630;
				ORGANIZATIONNAME = "Jeff Huang";
				TargetAttributes = {
					BD20BB7D1B45ABFD00DB7FCD = {
						CreatedOnToolsVersion = 6.3.2;
					};
				};
			};
			buildConfigurationList = BD20BB791B45ABFD00DB7FCD /* Build configuration list for PBXProject "PatientDoctor" */;
			compatibilityVersion = "Xcode 3.2";
			developmentRegion = English;
			hasScannedForEncodings = 0;
			knownRegions = (
				en,
			);
			mainGroup = BD20BB751B45ABFD00DB7FCD;
			productRefGroup = BD20BB7F1B45ABFD00DB7FCD /* Products */;
			projectDirPath = "";
			projectRoot = "";
			targets = (
				BD20BB7D1B45ABFD00DB7FCD /* PatientDoctor */,
			);
		};
/* End PBXProject section */

/* Begin PBXSourcesBuildPhase section */
		BD20BB7A1B45ABFD00DB7FCD /* Sources */ = {
			isa = PBXSourcesBuildPhase;
			buildActionMask = 2147483647;
			files = (
				BD20BB8A1B45ACB800DB7FCD /* People.m in Sources */,
				BD20BB901B45ADC400DB7FCD /* Patient.m in Sources */,
				BD20BB821B45ABFD00DB7FCD /* main.m in Sources */,
				BD20BB8D1B45ADB400DB7FCD /* Doctor.m in Sources */,
			);
			runOnlyForDeploymentPostprocessing = 0;
		};
/* End PBXSourcesBuildPhase section */

/* Begin XCBuildConfiguration section */
		BD20BB831B45ABFD00DB7FCD /* Debug */ = {
			isa = XCBuildConfiguration;
			buildSettings = {
				ALWAYS_SEARCH_USER_PATHS = NO;
				CLANG_CXX_LANGUAGE_STANDARD = "gnu++0x";
				CLANG_CXX_LIBRARY = "libc++";
				CLANG_ENABLE_MODULES = YES;
				CLANG_ENABLE_OBJC_ARC = YES;
				CLANG_WARN_BOOL_CONVERSION = YES;
				CLANG_WARN_CONSTANT_CONVERSION = YES;
				CLANG_WARN_DIRECT_OBJC_ISA_USAGE = YES_ERROR;
				CLANG_WARN_EMPTY_BODY = YES;
				CLANG_WARN_ENUM_CONVERSION = YES;
				CLANG_WARN_INT_CONVERSION = YES;
				CLANG_WARN_OBJC_ROOT_CLASS = YES_ERROR;
				CLANG_WARN_UNREACHABLE_CODE = YES;
				CLANG_WARN__DUPLICATE_METHOD_MATCH = YES;
				COPY_PHASE_STRIP = NO;
				DEBUG_INFORMATION_FORMAT = dwarf;
				ENABLE_STRICT_OBJC_MSGSEND = YES;
				GCC_C_LANGUAGE_STANDARD = gnu99;
				GCC_DYNAMIC_NO_PIC = NO;
				GCC_NO_COMMON_BLOCKS = YES;
				GCC_OPTIMIZATION_LEVEL = 0;
				GCC_PREPROCESSOR_DEFINITIONS = (
					"DEBUG=1",
					"$(inherited)",
				);
				GCC_SYMBOLS_PRIVATE_EXTERN = NO;
				GCC_WARN_64_TO_32_BIT_CONVERSION = YES;
				GCC_WARN_ABOUT_RETURN_TYPE = YES_ERROR;
				GCC_WARN_UNDECLARED_SELECTOR = YES;
				GCC_WARN_UNINITIALIZED_AUTOS = YES_AGGRESSIVE;
				GCC_WARN_UNUSED_FUNCTION = YES;
				GCC_WARN_UNUSED_VARIABLE = YES;
				MACOSX_DEPLOYMENT_TARGET = 10.10;
				MTL_ENABLE_DEBUG_INFO = YES;
				ONLY_ACTIVE_ARCH = YES;
				SDKROOT = macosx;
			};
			name = Debug;
		};
		BD20BB841B45ABFD00DB7FCD /* Release */ = {
			isa = XCBuildConfiguration;
			buildSettings = {
				ALWAYS_SEARCH_USER_PATHS = NO;
				CLANG_CXX_LANGUAGE_STANDARD = "gnu++0x";
				CLANG_CXX_LIBRARY = "libc++";
				CLANG_ENABLE_MODULES = YES;
				CLANG_ENABLE_OBJC_ARC = YES;
				CLANG_WARN_BOOL_CONVERSION = YES;
				CLANG_WARN_CONSTANT_CONVERSION = YES;
				CLANG_WARN_DIRECT_OBJC_ISA_USAGE = YES_ERROR;
				CLANG_WARN_EMPTY_BODY = YES;
				CLANG_WARN_ENUM_CONVERSION = YES;
				CLANG_WARN_INT_CONVERSION = YES;
				CLANG_WARN_OBJC_ROOT_CLASS = YES_ERROR;
				CLANG_WARN_UNREACHABLE_CODE = YES;
				CLANG_WARN__DUPLICATE_METHOD_MATCH = YES;
				COPY_PHASE_STRIP = NO;
				DEBUG_INFORMATION_FORMAT = "dwarf-with-dsym";
				ENABLE_NS_ASSERTIONS = NO;
				ENABLE_STRICT_OBJC_MSGSEND = YES;
				GCC_C_LANGUAGE_STANDARD = gnu99;
				GCC_NO_COMMON_BLOCKS = YES;
				GCC_WARN_64_TO_32_BIT_CONVERSION = YES;
				GCC_WARN_ABOUT_RETURN_TYPE = YES_ERROR;
				GCC_WARN_UNDECLARED_SELECTOR = YES;
				GCC_WARN_UNINITIALIZED_AUTOS = YES_AGGRESSIVE;
				GCC_WARN_UNUSED_FUNCTION = YES;
				GCC_WARN_UNUSED_VARIABLE = YES;
				MACOSX_DEPLOYMENT_TARGET = 10.10;
				MTL_ENABLE_DEBUG_INFO = NO;
				SDKROOT = macosx;
			};
			name = Release;
		};
		BD20BB861B45ABFD00DB7FCD /* Debug */ = {
			isa = XCBuildConfiguration;
			buildSettings = {
				PRODUCT_NAME = "$(TARGET_NAME)";
			};
			name = Debug;
		};
		BD20BB871B45ABFD00DB7FCD /* Release */ = {
			isa = XCBuildConfiguration;
			buildSettings = {
				PRODUCT_NAME = "$(TARGET_NAME)";
			};
			name = Release;
		};
/* End XCBuildConfiguration section */

/* Begin XCConfigurationList section */
		BD20BB791B45ABFD00DB7FCD /* Build configuration list for PBXProject "PatientDoctor" */ = {
			isa = XCConfigurationList;
			buildConfigurations = (
				BD20BB831B45ABFD00DB7FCD /* Debug */,
				BD20BB841B45ABFD00DB7FCD /* Release */,
			);
			defaultConfigurationIsVisible = 0;
			defaultConfigurationName = Release;
		};
		BD20BB851B45ABFD00DB7FCD /* Build configuration list for PBXNativeTarget "PatientDoctor" */ = {
			isa = XCConfigurationList;
			buildConfigurations = (
				BD20BB861B45ABFD00DB7FCD /* Debug */,
				BD20BB871B45ABFD00DB7FCD /* Release */,
			);
			defaultConfigurationIsVisible = 0;
		};
/* End XCConfigurationList section */
	};
	rootObject = BD20BB761B45ABFD00DB7FCD /* Project object */;
}
